
Microsoft Visual Studio Solution File, Format Version 12.00
# Visual Studio Version 16
VisualStudioVersion = 16.0.30330.147
MinimumVisualStudioVersion = 10.0.40219.1
Project("{8BC9CEB8-8B4A-11D0-8D11-00A0C91BC942}") = "RPGame", "RPGame\RPGame.vcxproj", "{39279A61-DA28-4B11-ABA8-FE25D5A14DFF}"
EndProject
Project("{2150E333-8FDC-42A3-9474-1A3956D46DE8}") = "Solution Items", "Solution Items", "{D434066B-5ADB-4E3A-B1AA-6E45075BC51F}"
EndProject
Global
	GlobalSection(SolutionConfigurationPlatforms) = preSolution
		Debug|x64 = Debug|x64
		Debug|x86 = Debug|x86
		Release|x64 = Release|x64
		Release|x86 = Release|x86
	EndGlobalSection
	GlobalSection(ProjectConfigurationPlatforms) = postSolution
		{39279A61-DA28-4B11-ABA8-FE25D5A14DFF}.Debug|x64.ActiveCfg = Debug|x64
		{39279A61-DA28-4B11-ABA8-FE25D5A14DFF}.Debug|x64.Build.0 = Debug|x64
		{39279A61-DA28-4B11-ABA8-FE25D5A14DFF}.Debug|x86.ActiveCfg = Debug|Win32
		{39279A61-DA28-4B11-ABA8-FE25D5A14DFF}.Debug|x86.Build.0 = Debug|Win32
		{39279A61-DA28-4B11-ABA8-FE25D5A14DFF}.Release|x64.ActiveCfg = Release|x64
		{39279A61-DA28-4B11-ABA8-FE25D5A14DFF}.Release|x64.Build.0 = Release|x64
		{39279A61-DA28-4B11-ABA8-FE25D5A14DFF}.Release|x86.ActiveCfg = Release|Win32
		{39279A61-DA28-4B11-ABA8-FE25D5A14DFF}.Release|x86.Build.0 = Release|Win32
	EndGlobalSection
	GlobalSection(SolutionProperties) = preSolution
		HideSolutionNode = FALSE
	EndGlobalSection
	GlobalSection(ExtensibilityGlobals) = postSolution
		SolutionGuid = {397CE9EC-B458-4173-86A9-245546D1B37A}
	EndGlobalSection
EndGlobal
